// !$*UTF8*$!
{
	archiveVersion = 1;
	classes = {
	};
	objectVersion = 50;
	objects = {

/* Begin PBXBuildFile section */
		69E4C64726AA675D00B8685C /* AppDelegate.swift in Sources */ = {isa = PBXBuildFile; fileRef = 69E4C64626AA675D00B8685C /* AppDelegate.swift */; };
		69E4C64926AA675D00B8685C /* SceneDelegate.swift in Sources */ = {isa = PBXBuildFile; fileRef = 69E4C64826AA675D00B8685C /* SceneDelegate.swift */; };
		69E4C64B26AA675D00B8685C /* ContentView.swift in Sources */ = {isa = PBXBuildFile; fileRef = 69E4C64A26AA675D00B8685C /* ContentView.swift */; };
		69E4C64D26AA675E00B8685C /* Assets.xcassets in Resources */ = {isa = PBXBuildFile; fileRef = 69E4C64C26AA675E00B8685C /* Assets.xcassets */; };
		69E4C65026AA675E00B8685C /* Preview Assets.xcassets in Resources */ = {isa = PBXBuildFile; fileRef = 69E4C64F26AA675E00B8685C /* Preview Assets.xcassets */; };
		69E4C65326AA675E00B8685C /* LaunchScreen.storyboard in Resources */ = {isa = PBXBuildFile; fileRef = 69E4C65126AA675E00B8685C /* LaunchScreen.storyboard */; };
		69E4C65E26AA675E00B8685C /* GithubActionsTestAppTests.swift in Sources */ = {isa = PBXBuildFile; fileRef = 69E4C65D26AA675E00B8685C /* GithubActionsTestAppTests.swift */; };
		69E4C66926AA675E00B8685C /* GithubActionsTestAppUITests.swift in Sources */ = {isa = PBXBuildFile; fileRef = 69E4C66826AA675E00B8685C /* GithubActionsTestAppUITests.swift */; };
/* End PBXBuildFile section */

/* Begin PBXContainerItemProxy section */
		69E4C65A26AA675E00B8685C /* PBXContainerItemProxy */ = {
			isa = PBXContainerItemProxy;
			containerPortal = 69E4C63B26AA675D00B8685C /* Project object */;
			proxyType = 1;
			remoteGlobalIDString = 69E4C64226AA675D00B8685C;
			remoteInfo = GithubActionsTestApp;
		};
		69E4C66526AA675E00B8685C /* PBXContainerItemProxy */ = {
			isa = PBXContainerItemProxy;
			containerPortal = 69E4C63B26AA675D00B8685C /* Project object */;
			proxyType = 1;
			remoteGlobalIDString = 69E4C64226AA675D00B8685C;
			remoteInfo = GithubActionsTestApp;
		};
/* End PBXContainerItemProxy section */

/* Begin PBXFileReference section */
		69E4C64326AA675D00B8685C /* GithubActionsTestApp.app */ = {isa = PBXFileReference; explicitFileType = wrapper.application; includeInIndex = 0; path = GithubActionsTestApp.app; sourceTree = BUILT_PRODUCTS_DIR; };
		69E4C64626AA675D00B8685C /* AppDelegate.swift */ = {isa = PBXFileReference; lastKnownFileType = sourcecode.swift; path = AppDelegate.swift; sourceTree = "<group>"; };
		69E4C64826AA675D00B8685C /* SceneDelegate.swift */ = {isa = PBXFileReference; lastKnownFileType = sourcecode.swift; path = SceneDelegate.swift; sourceTree = "<group>"; };
		69E4C64A26AA675D00B8685C /* ContentView.swift */ = {isa = PBXFileReference; lastKnownFileType = sourcecode.swift; path = ContentView.swift; sourceTree = "<group>"; };
		69E4C64C26AA675E00B8685C /* Assets.xcassets */ = {isa = PBXFileReference; lastKnownFileType = folder.assetcatalog; path = Assets.xcassets; sourceTree = "<group>"; };
		69E4C64F26AA675E00B8685C /* Preview Assets.xcassets */ = {isa = PBXFileReference; lastKnownFileType = folder.assetcatalog; path = "Preview Assets.xcassets"; sourceTree = "<group>"; };
		69E4C65226AA675E00B8685C /* Base */ = {isa = PBXFileReference; lastKnownFileType = file.storyboard; name = Base; path = Base.lproj/LaunchScreen.storyboard; sourceTree = "<group>"; };
		69E4C65426AA675E00B8685C /* Info.plist */ = {isa = PBXFileReference; lastKnownFileType = text.plist.xml; path = Info.plist; sourceTree = "<group>"; };
		69E4C65926AA675E00B8685C /* GithubActionsTestAppTests.xctest */ = {isa = PBXFileReference; explicitFileType = wrapper.cfbundle; includeInIndex = 0; path = GithubActionsTestAppTests.xctest; sourceTree = BUILT_PRODUCTS_DIR; };
		69E4C65D26AA675E00B8685C /* GithubActionsTestAppTests.swift */ = {isa = PBXFileReference; lastKnownFileType = sourcecode.swift; path = GithubActionsTestAppTests.swift; sourceTree = "<group>"; };
		69E4C65F26AA675E00B8685C /* Info.plist */ = {isa = PBXFileReference; lastKnownFileType = text.plist.xml; path = Info.plist; sourceTree = "<group>"; };
		69E4C66426AA675E00B8685C /* GithubActionsTestAppUITests.xctest */ = {isa = PBXFileReference; explicitFileType = wrapper.cfbundle; includeInIndex = 0; path = GithubActionsTestAppUITests.xctest; sourceTree = BUILT_PRODUCTS_DIR; };
		69E4C66826AA675E00B8685C /* GithubActionsTestAppUITests.swift */ = {isa = PBXFileReference; lastKnownFileType = sourcecode.swift; path = GithubActionsTestAppUITests.swift; sourceTree = "<group>"; };
		69E4C66A26AA675E00B8685C /* Info.plist */ = {isa = PBXFileReference; lastKnownFileType = text.plist.xml; path = Info.plist; sourceTree = "<group>"; };
/* End PBXFileReference section */

/* Begin PBXFrameworksBuildPhase section */
		69E4C64026AA675D00B8685C /* Frameworks */ = {
			isa = PBXFrameworksBuildPhase;
			buildActionMask = 2147483647;
			files = (
			);
			runOnlyForDeploymentPostprocessing = 0;
		};
		69E4C65626AA675E00B8685C /* Frameworks */ = {
			isa = PBXFrameworksBuildPhase;
			buildActionMask = 2147483647;
			files = (
			);
			runOnlyForDeploymentPostprocessing = 0;
		};
		69E4C66126AA675E00B8685C /* Frameworks */ = {
			isa = PBXFrameworksBuildPhase;
			buildActionMask = 2147483647;
			files = (
			);
			runOnlyForDeploymentPostprocessing = 0;
		};
/* End PBXFrameworksBuildPhase section */

/* Begin PBXGroup section */
		69E4C63A26AA675D00B8685C = {
			isa = PBXGroup;
			children = (
				69E4C64526AA675D00B8685C /* GithubActionsTestApp */,
				69E4C65C26AA675E00B8685C /* GithubActionsTestAppTests */,
				69E4C66726AA675E00B8685C /* GithubActionsTestAppUITests */,
				69E4C64426AA675D00B8685C /* Products */,
			);
			sourceTree = "<group>";
		};
		69E4C64426AA675D00B8685C /* Products */ = {
			isa = PBXGroup;
			children = (
				69E4C64326AA675D00B8685C /* GithubActionsTestApp.app */,
				69E4C65926AA675E00B8685C /* GithubActionsTestAppTests.xctest */,
				69E4C66426AA675E00B8685C /* GithubActionsTestAppUITests.xctest */,
			);
			name = Products;
			sourceTree = "<group>";
		};
		69E4C64526AA675D00B8685C /* GithubActionsTestApp */ = {
			isa = PBXGroup;
			children = (
				69E4C64626AA675D00B8685C /* AppDelegate.swift */,
				69E4C64826AA675D00B8685C /* SceneDelegate.swift */,
				69E4C64A26AA675D00B8685C /* ContentView.swift */,
				69E4C64C26AA675E00B8685C /* Assets.xcassets */,
				69E4C65126AA675E00B8685C /* LaunchScreen.storyboard */,
				69E4C65426AA675E00B8685C /* Info.plist */,
				69E4C64E26AA675E00B8685C /* Preview Content */,
			);
			path = GithubActionsTestApp;
			sourceTree = "<group>";
		};
		69E4C64E26AA675E00B8685C /* Preview Content */ = {
			isa = PBXGroup;
			children = (
				69E4C64F26AA675E00B8685C /* Preview Assets.xcassets */,
			);
			path = "Preview Content";
			sourceTree = "<group>";
		};
		69E4C65C26AA675E00B8685C /* GithubActionsTestAppTests */ = {
			isa = PBXGroup;
			children = (
				69E4C65D26AA675E00B8685C /* GithubActionsTestAppTests.swift */,
				69E4C65F26AA675E00B8685C /* Info.plist */,
			);
			path = GithubActionsTestAppTests;
			sourceTree = "<group>";
		};
		69E4C66726AA675E00B8685C /* GithubActionsTestAppUITests */ = {
			isa = PBXGroup;
			children = (
				69E4C66826AA675E00B8685C /* GithubActionsTestAppUITests.swift */,
				69E4C66A26AA675E00B8685C /* Info.plist */,
			);
			path = GithubActionsTestAppUITests;
			sourceTree = "<group>";
		};
/* End PBXGroup section */

/* Begin PBXNativeTarget section */
		69E4C64226AA675D00B8685C /* GithubActionsTestApp */ = {
			isa = PBXNativeTarget;
			buildConfigurationList = 69E4C66D26AA675E00B8685C /* Build configuration list for PBXNativeTarget "GithubActionsTestApp" */;
			buildPhases = (
				69E4C63F26AA675D00B8685C /* Sources */,
				69E4C64026AA675D00B8685C /* Frameworks */,
				69E4C64126AA675D00B8685C /* Resources */,
			);
			buildRules = (
			);
			dependencies = (
			);
			name = GithubActionsTestApp;
			productName = GithubActionsTestApp;
			productReference = 69E4C64326AA675D00B8685C /* GithubActionsTestApp.app */;
			productType = "com.apple.product-type.application";
		};
		69E4C65826AA675E00B8685C /* GithubActionsTestAppTests */ = {
			isa = PBXNativeTarget;
			buildConfigurationList = 69E4C67026AA675E00B8685C /* Build configuration list for PBXNativeTarget "GithubActionsTestAppTests" */;
			buildPhases = (
				69E4C65526AA675E00B8685C /* Sources */,
				69E4C65626AA675E00B8685C /* Frameworks */,
				69E4C65726AA675E00B8685C /* Resources */,
			);
			buildRules = (
			);
			dependencies = (
				69E4C65B26AA675E00B8685C /* PBXTargetDependency */,
			);
			name = GithubActionsTestAppTests;
			productName = GithubActionsTestAppTests;
			productReference = 69E4C65926AA675E00B8685C /* GithubActionsTestAppTests.xctest */;
			productType = "com.apple.product-type.bundle.unit-test";
		};
		69E4C66326AA675E00B8685C /* GithubActionsTestAppUITests */ = {
			isa = PBXNativeTarget;
			buildConfigurationList = 69E4C67326AA675E00B8685C /* Build configuration list for PBXNativeTarget "GithubActionsTestAppUITests" */;
			buildPhases = (
				69E4C66026AA675E00B8685C /* Sources */,
				69E4C66126AA675E00B8685C /* Frameworks */,
				69E4C66226AA675E00B8685C /* Resources */,
			);
			buildRules = (
			);
			dependencies = (
				69E4C66626AA675E00B8685C /* PBXTargetDependency */,
			);
			name = GithubActionsTestAppUITests;
			productName = GithubActionsTestAppUITests;
			productReference = 69E4C66426AA675E00B8685C /* GithubActionsTestAppUITests.xctest */;
			productType = "com.apple.product-type.bundle.ui-testing";
		};
/* End PBXNativeTarget section */

/* Begin PBXProject section */
		69E4C63B26AA675D00B8685C /* Project object */ = {
			isa = PBXProject;
			attributes = {
				LastSwiftUpdateCheck = 1250;
				LastUpgradeCheck = 1250;
				TargetAttributes = {
					69E4C64226AA675D00B8685C = {
						CreatedOnToolsVersion = 12.5.1;
					};
					69E4C65826AA675E00B8685C = {
						CreatedOnToolsVersion = 12.5.1;
						TestTargetID = 69E4C64226AA675D00B8685C;
					};
					69E4C66326AA675E00B8685C = {
						CreatedOnToolsVersion = 12.5.1;
						TestTargetID = 69E4C64226AA675D00B8685C;
					};
				};
			};
			buildConfigurationList = 69E4C63E26AA675D00B8685C /* Build configuration list for PBXProject "GithubActionsTestApp" */;
			compatibilityVersion = "Xcode 9.3";
			developmentRegion = en;
			hasScannedForEncodings = 0;
			knownRegions = (
				en,
				Base,
			);
			mainGroup = 69E4C63A26AA675D00B8685C;
			productRefGroup = 69E4C64426AA675D00B8685C /* Products */;
			projectDirPath = "";
			projectRoot = "";
			targets = (
				69E4C64226AA675D00B8685C /* GithubActionsTestApp */,
				69E4C65826AA675E00B8685C /* GithubActionsTestAppTests */,
				69E4C66326AA675E00B8685C /* GithubActionsTestAppUITests */,
			);
		};
/* End PBXProject section */

/* Begin PBXResourcesBuildPhase section */
		69E4C64126AA675D00B8685C /* Resources */ = {
			isa = PBXResourcesBuildPhase;
			buildActionMask = 2147483647;
			files = (
				69E4C65326AA675E00B8685C /* LaunchScreen.storyboard in Resources */,
				69E4C65026AA675E00B8685C /* Preview Assets.xcassets in Resources */,
				69E4C64D26AA675E00B8685C /* Assets.xcassets in Resources */,
			);
			runOnlyForDeploymentPostprocessing = 0;
		};
		69E4C65726AA675E00B8685C /* Resources */ = {
			isa = PBXResourcesBuildPhase;
			buildActionMask = 2147483647;
			files = (
			);
			runOnlyForDeploymentPostprocessing = 0;
		};
		69E4C66226AA675E00B8685C /* Resources */ = {
			isa = PBXResourcesBuildPhase;
			buildActionMask = 2147483647;
			files = (
			);
			runOnlyForDeploymentPostprocessing = 0;
		};
/* End PBXResourcesBuildPhase section */

/* Begin PBXSourcesBuildPhase section */
		69E4C63F26AA675D00B8685C /* Sources */ = {
			isa = PBXSourcesBuildPhase;
			buildActionMask = 2147483647;
			files = (
				69E4C64726AA675D00B8685C /* AppDelegate.swift in Sources */,
				69E4C64926AA675D00B8685C /* SceneDelegate.swift in Sources */,
				69E4C64B26AA675D00B8685C /* ContentView.swift in Sources */,
			);
			runOnlyForDeploymentPostprocessing = 0;
		};
		69E4C65526AA675E00B8685C /* Sources */ = {
			isa = PBXSourcesBuildPhase;
			buildActionMask = 2147483647;
			files = (
				69E4C65E26AA675E00B8685C /* GithubActionsTestAppTests.swift in Sources */,
			);
			runOnlyForDeploymentPostprocessing = 0;
		};
		69E4C66026AA675E00B8685C /* Sources */ = {
			isa = PBXSourcesBuildPhase;
			buildActionMask = 2147483647;
			files = (
				69E4C66926AA675E00B8685C /* GithubActionsTestAppUITests.swift in Sources */,
			);
			runOnlyForDeploymentPostprocessing = 0;
		};
/* End PBXSourcesBuildPhase section */

/* Begin PBXTargetDependency section */
		69E4C65B26AA675E00B8685C /* PBXTargetDependency */ = {
			isa = PBXTargetDependency;
			target = 69E4C64226AA675D00B8685C /* GithubActionsTestApp */;
			targetProxy = 69E4C65A26AA675E00B8685C /* PBXContainerItemProxy */;
		};
		69E4C66626AA675E00B8685C /* PBXTargetDependency */ = {
			isa = PBXTargetDependency;
			target = 69E4C64226AA675D00B8685C /* GithubActionsTestApp */;
			targetProxy = 69E4C66526AA675E00B8685C /* PBXContainerItemProxy */;
		};
/* End PBXTargetDependency section */

/* Begin PBXVariantGroup section */
		69E4C65126AA675E00B8685C /* LaunchScreen.storyboard */ = {
			isa = PBXVariantGroup;
			children = (
				69E4C65226AA675E00B8685C /* Base */,
			);
			name = LaunchScreen.storyboard;
			sourceTree = "<group>";
		};
/* End PBXVariantGroup section */

/* Begin XCBuildConfiguration section */
		69E4C66B26AA675E00B8685C /* Debug */ = {
			isa = XCBuildConfiguration;
			buildSettings = {
				ALWAYS_SEARCH_USER_PATHS = NO;
				CLANG_ANALYZER_NONNULL = YES;
				CLANG_ANALYZER_NUMBER_OBJECT_CONVERSION = YES_AGGRESSIVE;
				CLANG_CXX_LANGUAGE_STANDARD = "gnu++14";
				CLANG_CXX_LIBRARY = "libc++";
				CLANG_ENABLE_MODULES = YES;
				CLANG_ENABLE_OBJC_ARC = YES;
				CLANG_ENABLE_OBJC_WEAK = YES;
				CLANG_WARN_BLOCK_CAPTURE_AUTORELEASING = YES;
				CLANG_WARN_BOOL_CONVERSION = YES;
				CLANG_WARN_COMMA = YES;
				CLANG_WARN_CONSTANT_CONVERSION = YES;
				CLANG_WARN_DEPRECATED_OBJC_IMPLEMENTATIONS = YES;
				CLANG_WARN_DIRECT_OBJC_ISA_USAGE = YES_ERROR;
				CLANG_WARN_DOCUMENTATION_COMMENTS = YES;
				CLANG_WARN_EMPTY_BODY = YES;
				CLANG_WARN_ENUM_CONVERSION = YES;
				CLANG_WARN_INFINITE_RECURSION = YES;
				CLANG_WARN_INT_CONVERSION = YES;
				CLANG_WARN_NON_LITERAL_NULL_CONVERSION = YES;
				CLANG_WARN_OBJC_IMPLICIT_RETAIN_SELF = YES;
				CLANG_WARN_OBJC_LITERAL_CONVERSION = YES;
				CLANG_WARN_OBJC_ROOT_CLASS = YES_ERROR;
				CLANG_WARN_QUOTED_INCLUDE_IN_FRAMEWORK_HEADER = YES;
				CLANG_WARN_RANGE_LOOP_ANALYSIS = YES;
				CLANG_WARN_STRICT_PROTOTYPES = YES;
				CLANG_WARN_SUSPICIOUS_MOVE = YES;
				CLANG_WARN_UNGUARDED_AVAILABILITY = YES_AGGRESSIVE;
				CLANG_WARN_UNREACHABLE_CODE = YES;
				CLANG_WARN__DUPLICATE_METHOD_MATCH = YES;
				COPY_PHASE_STRIP = NO;
				DEBUG_INFORMATION_FORMAT = dwarf;
				ENABLE_STRICT_OBJC_MSGSEND = YES;
				ENABLE_TESTABILITY = YES;
				GCC_C_LANGUAGE_STANDARD = gnu11;
				GCC_DYNAMIC_NO_PIC = NO;
				GCC_NO_COMMON_BLOCKS = YES;
				GCC_OPTIMIZATION_LEVEL = 0;
				GCC_PREPROCESSOR_DEFINITIONS = (
					"DEBUG=1",
					"$(inherited)",
				);
				GCC_WARN_64_TO_32_BIT_CONVERSION = YES;
				GCC_WARN_ABOUT_RETURN_TYPE = YES_ERROR;
				GCC_WARN_UNDECLARED_SELECTOR = YES;
				GCC_WARN_UNINITIALIZED_AUTOS = YES_AGGRESSIVE;
				GCC_WARN_UNUSED_FUNCTION = YES;
				GCC_WARN_UNUSED_VARIABLE = YES;
				IPHONEOS_DEPLOYMENT_TARGET = 14.5;
				MTL_ENABLE_DEBUG_INFO = INCLUDE_SOURCE;
				MTL_FAST_MATH = YES;
				ONLY_ACTIVE_ARCH = YES;
				SDKROOT = iphoneos;
				SWIFT_ACTIVE_COMPILATION_CONDITIONS = DEBUG;
				SWIFT_OPTIMIZATION_LEVEL = "-Onone";
			};
			name = Debug;
		};
		69E4C66C26AA675E00B8685C /* Release */ = {
			isa = XCBuildConfiguration;
			buildSettings = {
				ALWAYS_SEARCH_USER_PATHS = NO;
				CLANG_ANALYZER_NONNULL = YES;
				CLANG_ANALYZER_NUMBER_OBJECT_CONVERSION = YES_AGGRESSIVE;
				CLANG_CXX_LANGUAGE_STANDARD = "gnu++14";
				CLANG_CXX_LIBRARY = "libc++";
				CLANG_ENABLE_MODULES = YES;
				CLANG_ENABLE_OBJC_ARC = YES;
				CLANG_ENABLE_OBJC_WEAK = YES;
				CLANG_WARN_BLOCK_CAPTURE_AUTORELEASING = YES;
				CLANG_WARN_BOOL_CONVERSION = YES;
				CLANG_WARN_COMMA = YES;
				CLANG_WARN_CONSTANT_CONVERSION = YES;
				CLANG_WARN_DEPRECATED_OBJC_IMPLEMENTATIONS = YES;
				CLANG_WARN_DIRECT_OBJC_ISA_USAGE = YES_ERROR;
				CLANG_WARN_DOCUMENTATION_COMMENTS = YES;
				CLANG_WARN_EMPTY_BODY = YES;
				CLANG_WARN_ENUM_CONVERSION = YES;
				CLANG_WARN_INFINITE_RECURSION = YES;
				CLANG_WARN_INT_CONVERSION = YES;
				CLANG_WARN_NON_LITERAL_NULL_CONVERSION = YES;
				CLANG_WARN_OBJC_IMPLICIT_RETAIN_SELF = YES;
				CLANG_WARN_OBJC_LITERAL_CONVERSION = YES;
				CLANG_WARN_OBJC_ROOT_CLASS = YES_ERROR;
				CLANG_WARN_QUOTED_INCLUDE_IN_FRAMEWORK_HEADER = YES;
				CLANG_WARN_RANGE_LOOP_ANALYSIS = YES;
				CLANG_WARN_STRICT_PROTOTYPES = YES;
				CLANG_WARN_SUSPICIOUS_MOVE = YES;
				CLANG_WARN_UNGUARDED_AVAILABILITY = YES_AGGRESSIVE;
				CLANG_WARN_UNREACHABLE_CODE = YES;
				CLANG_WARN__DUPLICATE_METHOD_MATCH = YES;
				COPY_PHASE_STRIP = NO;
				DEBUG_INFORMATION_FORMAT = "dwarf-with-dsym";
				ENABLE_NS_ASSERTIONS = NO;
				ENABLE_STRICT_OBJC_MSGSEND = YES;
				GCC_C_LANGUAGE_STANDARD = gnu11;
				GCC_NO_COMMON_BLOCKS = YES;
				GCC_WARN_64_TO_32_BIT_CONVERSION = YES;
				GCC_WARN_ABOUT_RETURN_TYPE = YES_ERROR;
				GCC_WARN_UNDECLARED_SELECTOR = YES;
				GCC_WARN_UNINITIALIZED_AUTOS = YES_AGGRESSIVE;
				GCC_WARN_UNUSED_FUNCTION = YES;
				GCC_WARN_UNUSED_VARIABLE = YES;
				IPHONEOS_DEPLOYMENT_TARGET = 14.5;
				MTL_ENABLE_DEBUG_INFO = NO;
				MTL_FAST_MATH = YES;
				SDKROOT = iphoneos;
				SWIFT_COMPILATION_MODE = wholemodule;
				SWIFT_OPTIMIZATION_LEVEL = "-O";
				VALIDATE_PRODUCT = YES;
			};
			name = Release;
		};
		69E4C66E26AA675E00B8685C /* Debug */ = {
			isa = XCBuildConfiguration;
			buildSettings = {
				ASSETCATALOG_COMPILER_APPICON_NAME = AppIcon;
				ASSETCATALOG_COMPILER_GLOBAL_ACCENT_COLOR_NAME = AccentColor;
				CODE_SIGN_STYLE = Automatic;
				DEVELOPMENT_ASSET_PATHS = "\"GithubActionsTestApp/Preview Content\"";
				DEVELOPMENT_TEAM = 7ABQ3WG629;
				ENABLE_PREVIEWS = YES;
				INFOPLIST_FILE = GithubActionsTestApp/Info.plist;
				IPHONEOS_DEPLOYMENT_TARGET = 13.0;
				LD_RUNPATH_SEARCH_PATHS = (
					"$(inherited)",
					"@executable_path/Frameworks",
				);
				PRODUCT_BUNDLE_IDENTIFIER = kr.ac.kaist.isilab.GithubActionsTestApp;
				PRODUCT_NAME = "$(TARGET_NAME)";
				SWIFT_VERSION = 5.0;
				TARGETED_DEVICE_FAMILY = "1,2";
			};
			name = Debug;
		};
		69E4C66F26AA675E00B8685C /* Release */ = {
			isa = XCBuildConfiguration;
			buildSettings = {
				ASSETCATALOG_COMPILER_APPICON_NAME = AppIcon;
				ASSETCATALOG_COMPILER_GLOBAL_ACCENT_COLOR_NAME = AccentColor;
				CODE_SIGN_STYLE = Automatic;
				DEVELOPMENT_ASSET_PATHS = "\"GithubActionsTestApp/Preview Content\"";
				DEVELOPMENT_TEAM = 7ABQ3WG629;
				ENABLE_PREVIEWS = YES;
				INFOPLIST_FILE = GithubActionsTestApp/Info.plist;
				IPHONEOS_DEPLOYMENT_TARGET = 13.0;
				LD_RUNPATH_SEARCH_PATHS = (
					"$(inherited)",
					"@executable_path/Frameworks",
				);
				PRODUCT_BUNDLE_IDENTIFIER = kr.ac.kaist.isilab.GithubActionsTestApp;
				PRODUCT_NAME = "$(TARGET_NAME)";
				SWIFT_VERSION = 5.0;
				TARGETED_DEVICE_FAMILY = "1,2";
			};
			name = Release;
		};
		69E4C67126AA675E00B8685C /* Debug */ = {
			isa = XCBuildConfiguration;
			buildSettings = {
				ALWAYS_EMBED_SWIFT_STANDARD_LIBRARIES = YES;
				BUNDLE_LOADER = "$(TEST_HOST)";
				CODE_SIGN_STYLE = Automatic;
				DEVELOPMENT_TEAM = 7ABQ3WG629;
				INFOPLIST_FILE = GithubActionsTestAppTests/Info.plist;
				IPHONEOS_DEPLOYMENT_TARGET = 14.5;
				LD_RUNPATH_SEARCH_PATHS = (
					"$(inherited)",
					"@executable_path/Frameworks",
					"@loader_path/Frameworks",
				);
				PRODUCT_BUNDLE_IDENTIFIER = kr.ac.kaist.isilab.GithubActionsTestAppTests;
				PRODUCT_NAME = "$(TARGET_NAME)";
				SWIFT_VERSION = 5.0;
				TARGETED_DEVICE_FAMILY = "1,2";
				TEST_HOST = "$(BUILT_PRODUCTS_DIR)/GithubActionsTestApp.app/GithubActionsTestApp";
			};
			name = Debug;
		};
		69E4C67226AA675E00B8685C /* Release */ = {
			isa = XCBuildConfiguration;
			buildSettings = {
				ALWAYS_EMBED_SWIFT_STANDARD_LIBRARIES = YES;
				BUNDLE_LOADER = "$(TEST_HOST)";
				CODE_SIGN_STYLE = Automatic;
				DEVELOPMENT_TEAM = 7ABQ3WG629;
				INFOPLIST_FILE = GithubActionsTestAppTests/Info.plist;
				IPHONEOS_DEPLOYMENT_TARGET = 14.5;
				LD_RUNPATH_SEARCH_PATHS = (
					"$(inherited)",
					"@executable_path/Frameworks",
					"@loader_path/Frameworks",
				);
				PRODUCT_BUNDLE_IDENTIFIER = kr.ac.kaist.isilab.GithubActionsTestAppTests;
				PRODUCT_NAME = "$(TARGET_NAME)";
				SWIFT_VERSION = 5.0;
				TARGETED_DEVICE_FAMILY = "1,2";
				TEST_HOST = "$(BUILT_PRODUCTS_DIR)/GithubActionsTestApp.app/GithubActionsTestApp";
			};
			name = Release;
		};
		69E4C67426AA675E00B8685C /* Debug */ = {
			isa = XCBuildConfiguration;
			buildSettings = {
				ALWAYS_EMBED_SWIFT_STANDARD_LIBRARIES = YES;
				CODE_SIGN_STYLE = Automatic;
				DEVELOPMENT_TEAM = 7ABQ3WG629;
				INFOPLIST_FILE = GithubActionsTestAppUITests/Info.plist;
				LD_RUNPATH_SEARCH_PATHS = (
					"$(inherited)",
					"@executable_path/Frameworks",
					"@loader_path/Frameworks",
				);
				PRODUCT_BUNDLE_IDENTIFIER = kr.ac.kaist.isilab.GithubActionsTestAppUITests;
				PRODUCT_NAME = "$(TARGET_NAME)";
				SWIFT_VERSION = 5.0;
				TARGETED_DEVICE_FAMILY = "1,2";
				TEST_TARGET_NAME = GithubActionsTestApp;
			};
			name = Debug;
		};
		69E4C67526AA675E00B8685C /* Release */ = {
			isa = XCBuildConfiguration;
			buildSettings = {
				ALWAYS_EMBED_SWIFT_STANDARD_LIBRARIES = YES;
				CODE_SIGN_STYLE = Automatic;
				DEVELOPMENT_TEAM = 7ABQ3WG629;
				INFOPLIST_FILE = GithubActionsTestAppUITests/Info.plist;
				LD_RUNPATH_SEARCH_PATHS = (
					"$(inherited)",
					"@executable_path/Frameworks",
					"@loader_path/Frameworks",
				);
				PRODUCT_BUNDLE_IDENTIFIER = kr.ac.kaist.isilab.GithubActionsTestAppUITests;
				PRODUCT_NAME = "$(TARGET_NAME)";
				SWIFT_VERSION = 5.0;
				TARGETED_DEVICE_FAMILY = "1,2";
				TEST_TARGET_NAME = GithubActionsTestApp;
			};
			name = Release;
		};
/* End XCBuildConfiguration section */

/* Begin XCConfigurationList section */
		69E4C63E26AA675D00B8685C /* Build configuration list for PBXProject "GithubActionsTestApp" */ = {
			isa = XCConfigurationList;
			buildConfigurations = (
				69E4C66B26AA675E00B8685C /* Debug */,
				69E4C66C26AA675E00B8685C /* Release */,
			);
			defaultConfigurationIsVisible = 0;
			defaultConfigurationName = Release;
		};
		69E4C66D26AA675E00B8685C /* Build configuration list for PBXNativeTarget "GithubActionsTestApp" */ = {
			isa = XCConfigurationList;
			buildConfigurations = (
				69E4C66E26AA675E00B8685C /* Debug */,
				69E4C66F26AA675E00B8685C /* Release */,
			);
			defaultConfigurationIsVisible = 0;
			defaultConfigurationName = Release;
		};
		69E4C67026AA675E00B8685C /* Build configuration list for PBXNativeTarget "GithubActionsTestAppTests" */ = {
			isa = XCConfigurationList;
			buildConfigurations = (
				69E4C67126AA675E00B8685C /* Debug */,
				69E4C67226AA675E00B8685C /* Release */,
			);
			defaultConfigurationIsVisible = 0;
			defaultConfigurationName = Release;
		};
		69E4C67326AA675E00B8685C /* Build configuration list for PBXNativeTarget "GithubActionsTestAppUITests" */ = {
			isa = XCConfigurationList;
			buildConfigurations = (
				69E4C67426AA675E00B8685C /* Debug */,
				69E4C67526AA675E00B8685C /* Release */,
			);
			defaultConfigurationIsVisible = 0;
			defaultConfigurationName = Release;
		};
/* End XCConfigurationList section */
	};
	rootObject = 69E4C63B26AA675D00B8685C /* Project object */;
}
